// !$*UTF8*$!
{
	archiveVersion = 1;
	classes = {
	};
	objectVersion = 46;
	objects = {

/* Begin PBXBuildFile section */
		B31CB2961CFB3F3E0084E50C /* DDCalendarHeaderView.m in Sources */ = {isa = PBXBuildFile; fileRef = B31CB2941CFB3F3E0084E50C /* DDCalendarHeaderView.m */; };
		B31CB2991CFB429F0084E50C /* DDCalendarHeaderView.m in Sources */ = {isa = PBXBuildFile; fileRef = B31CB2981CFB429F0084E50C /* DDCalendarHeaderView.m */; };
		B3696FF01CF996CE00DC048A /* DDCalendarDaysScrollView.m in Sources */ = {isa = PBXBuildFile; fileRef = B3696FEF1CF996CE00DC048A /* DDCalendarDaysScrollView.m */; };
		B369706A1CF9B3C600DC048A /* DDCalendarEvent.m in Sources */ = {isa = PBXBuildFile; fileRef = B369704C1CF9B3C600DC048A /* DDCalendarEvent.m */; };
		B369706B1CF9B3C600DC048A /* DDCalendarEventView.m in Sources */ = {isa = PBXBuildFile; fileRef = B369704E1CF9B3C600DC048A /* DDCalendarEventView.m */; };
		B369706C1CF9B3C600DC048A /* DDCalendarSingleDayView.m in Sources */ = {isa = PBXBuildFile; fileRef = B36970501CF9B3C600DC048A /* DDCalendarSingleDayView.m */; };
		B369706D1CF9B3C600DC048A /* DDCalendarView.m in Sources */ = {isa = PBXBuildFile; fileRef = B36970521CF9B3C600DC048A /* DDCalendarView.m */; };
		B369706E1CF9B3C600DC048A /* DDCalendarDaysScrollView.m in Sources */ = {isa = PBXBuildFile; fileRef = B36970551CF9B3C600DC048A /* DDCalendarDaysScrollView.m */; };
		B36970721CF9B3C600DC048A /* NSDate+DDCalendar.m in Sources */ = {isa = PBXBuildFile; fileRef = B369705E1CF9B3C600DC048A /* NSDate+DDCalendar.m */; };
		B36970731CF9B3C600DC048A /* OBDragDropManager.m in Sources */ = {isa = PBXBuildFile; fileRef = B36970621CF9B3C600DC048A /* OBDragDropManager.m */; };
		B36970741CF9B3C600DC048A /* OBLongPressDragDropGestureRecognizer.m in Sources */ = {isa = PBXBuildFile; fileRef = B36970651CF9B3C600DC048A /* OBLongPressDragDropGestureRecognizer.m */; };
		B36970751CF9B3C600DC048A /* UIGestureRecognizer+OBDragDrop.m in Sources */ = {isa = PBXBuildFile; fileRef = B36970671CF9B3C600DC048A /* UIGestureRecognizer+OBDragDrop.m */; };
		B36970761CF9B3C600DC048A /* UIView+OBDropZone.m in Sources */ = {isa = PBXBuildFile; fileRef = B36970691CF9B3C600DC048A /* UIView+OBDropZone.m */; };
		B38CE86E1BC9C86B005B2477 /* EventView.m in Sources */ = {isa = PBXBuildFile; fileRef = B38CE86D1BC9C86B005B2477 /* EventView.m */; };
		B38D78271CFAEC25001A3943 /* DDCalendarHourLinesView.m in Sources */ = {isa = PBXBuildFile; fileRef = B38D78261CFAEC25001A3943 /* DDCalendarHourLinesView.m */; };
		B38D782A1CFAECAF001A3943 /* DDCalendarHourLinesView.m in Sources */ = {isa = PBXBuildFile; fileRef = B38D78291CFAECAF001A3943 /* DDCalendarHourLinesView.m */; };
		B39C34991BCCDD3900E32804 /* AppDelegate.swift in Sources */ = {isa = PBXBuildFile; fileRef = B39C34981BCCDD3900E32804 /* AppDelegate.swift */; };
		B39C349B1BCCDD3900E32804 /* ViewController.swift in Sources */ = {isa = PBXBuildFile; fileRef = B39C349A1BCCDD3900E32804 /* ViewController.swift */; };
		B39C349E1BCCDD3900E32804 /* Main.storyboard in Resources */ = {isa = PBXBuildFile; fileRef = B39C349C1BCCDD3900E32804 /* Main.storyboard */; };
		B39C34A01BCCDD3900E32804 /* Assets.xcassets in Resources */ = {isa = PBXBuildFile; fileRef = B39C349F1BCCDD3900E32804 /* Assets.xcassets */; };
		B39C34A31BCCDD3900E32804 /* LaunchScreen.storyboard in Resources */ = {isa = PBXBuildFile; fileRef = B39C34A11BCCDD3900E32804 /* LaunchScreen.storyboard */; };
		B39C35271BCCDDDA00E32804 /* EventManager.swift in Sources */ = {isa = PBXBuildFile; fileRef = B39C35261BCCDDDA00E32804 /* EventManager.swift */; };
		B39C35291BCCDE0400E32804 /* EventView.swift in Sources */ = {isa = PBXBuildFile; fileRef = B39C35281BCCDE0400E32804 /* EventView.swift */; };
		B39C35481BCCDE3300E32804 /* DDCalendarEvent.m in Sources */ = {isa = PBXBuildFile; fileRef = B39C352C1BCCDE3300E32804 /* DDCalendarEvent.m */; };
		B39C35491BCCDE3300E32804 /* DDCalendarEventView.m in Sources */ = {isa = PBXBuildFile; fileRef = B39C352E1BCCDE3300E32804 /* DDCalendarEventView.m */; };
		B39C354A1BCCDE3300E32804 /* DDCalendarSingleDayView.m in Sources */ = {isa = PBXBuildFile; fileRef = B39C35301BCCDE3300E32804 /* DDCalendarSingleDayView.m */; };
		B39C354B1BCCDE3300E32804 /* DDCalendarView.m in Sources */ = {isa = PBXBuildFile; fileRef = B39C35321BCCDE3300E32804 /* DDCalendarView.m */; };
		B39C354F1BCCDE3300E32804 /* NSDate+DDCalendar.m in Sources */ = {isa = PBXBuildFile; fileRef = B39C353C1BCCDE3300E32804 /* NSDate+DDCalendar.m */; };
		B39C35501BCCDE3300E32804 /* OBDragDropManager.m in Sources */ = {isa = PBXBuildFile; fileRef = B39C35401BCCDE3300E32804 /* OBDragDropManager.m */; };
		B39C35511BCCDE3300E32804 /* OBLongPressDragDropGestureRecognizer.m in Sources */ = {isa = PBXBuildFile; fileRef = B39C35431BCCDE3300E32804 /* OBLongPressDragDropGestureRecognizer.m */; };
		B39C35521BCCDE3300E32804 /* UIGestureRecognizer+OBDragDrop.m in Sources */ = {isa = PBXBuildFile; fileRef = B39C35451BCCDE3300E32804 /* UIGestureRecognizer+OBDragDrop.m */; };
		B39C35531BCCDE3300E32804 /* UIView+OBDropZone.m in Sources */ = {isa = PBXBuildFile; fileRef = B39C35471BCCDE3300E32804 /* UIView+OBDropZone.m */; };
		B3C15D1A1BC3BDFE00880A49 /* main.m in Sources */ = {isa = PBXBuildFile; fileRef = B3C15D191BC3BDFE00880A49 /* main.m */; };
		B3C15D1D1BC3BDFE00880A49 /* AppDelegate.m in Sources */ = {isa = PBXBuildFile; fileRef = B3C15D1C1BC3BDFE00880A49 /* AppDelegate.m */; };
		B3C15D201BC3BDFE00880A49 /* ViewController.m in Sources */ = {isa = PBXBuildFile; fileRef = B3C15D1F1BC3BDFE00880A49 /* ViewController.m */; };
		B3C15D231BC3BDFE00880A49 /* Main.storyboard in Resources */ = {isa = PBXBuildFile; fileRef = B3C15D211BC3BDFE00880A49 /* Main.storyboard */; };
		B3C15D251BC3BDFE00880A49 /* Assets.xcassets in Resources */ = {isa = PBXBuildFile; fileRef = B3C15D241BC3BDFE00880A49 /* Assets.xcassets */; };
		B3C15D281BC3BDFE00880A49 /* LaunchScreen.storyboard in Resources */ = {isa = PBXBuildFile; fileRef = B3C15D261BC3BDFE00880A49 /* LaunchScreen.storyboard */; };
/* End PBXBuildFile section */

/* Begin PBXFileReference section */
		B31CB2931CFB3F3E0084E50C /* DDCalendarHeaderView.h */ = {isa = PBXFileReference; fileEncoding = 4; lastKnownFileType = sourcecode.c.h; path = DDCalendarHeaderView.h; sourceTree = "<group>"; };
		B31CB2941CFB3F3E0084E50C /* DDCalendarHeaderView.m */ = {isa = PBXFileReference; fileEncoding = 4; lastKnownFileType = sourcecode.c.objc; path = DDCalendarHeaderView.m; sourceTree = "<group>"; };
		B31CB2971CFB429F0084E50C /* DDCalendarHeaderView.h */ = {isa = PBXFileReference; fileEncoding = 4; lastKnownFileType = sourcecode.c.h; path = DDCalendarHeaderView.h; sourceTree = "<group>"; };
		B31CB2981CFB429F0084E50C /* DDCalendarHeaderView.m */ = {isa = PBXFileReference; fileEncoding = 4; lastKnownFileType = sourcecode.c.objc; path = DDCalendarHeaderView.m; sourceTree = "<group>"; };
		B3696FEE1CF996CE00DC048A /* DDCalendarDaysScrollView.h */ = {isa = PBXFileReference; fileEncoding = 4; lastKnownFileType = sourcecode.c.h; path = DDCalendarDaysScrollView.h; sourceTree = "<group>"; };
		B3696FEF1CF996CE00DC048A /* DDCalendarDaysScrollView.m */ = {isa = PBXFileReference; fileEncoding = 4; lastKnownFileType = sourcecode.c.objc; path = DDCalendarDaysScrollView.m; sourceTree = "<group>"; };
		B369704B1CF9B3C600DC048A /* DDCalendarEvent.h */ = {isa = PBXFileReference; fileEncoding = 4; lastKnownFileType = sourcecode.c.h; path = DDCalendarEvent.h; sourceTree = "<group>"; };
		B369704C1CF9B3C600DC048A /* DDCalendarEvent.m */ = {isa = PBXFileReference; fileEncoding = 4; lastKnownFileType = sourcecode.c.objc; path = DDCalendarEvent.m; sourceTree = "<group>"; };
		B369704D1CF9B3C600DC048A /* DDCalendarEventView.h */ = {isa = PBXFileReference; fileEncoding = 4; lastKnownFileType = sourcecode.c.h; path = DDCalendarEventView.h; sourceTree = "<group>"; };
		B369704E1CF9B3C600DC048A /* DDCalendarEventView.m */ = {isa = PBXFileReference; fileEncoding = 4; lastKnownFileType = sourcecode.c.objc; path = DDCalendarEventView.m; sourceTree = "<group>"; };
		B369704F1CF9B3C600DC048A /* DDCalendarSingleDayView.h */ = {isa = PBXFileReference; fileEncoding = 4; lastKnownFileType = sourcecode.c.h; path = DDCalendarSingleDayView.h; sourceTree = "<group>"; };
		B36970501CF9B3C600DC048A /* DDCalendarSingleDayView.m */ = {isa = PBXFileReference; fileEncoding = 4; lastKnownFileType = sourcecode.c.objc; path = DDCalendarSingleDayView.m; sourceTree = "<group>"; };
		B36970511CF9B3C600DC048A /* DDCalendarView.h */ = {isa = PBXFileReference; fileEncoding = 4; lastKnownFileType = sourcecode.c.h; path = DDCalendarView.h; sourceTree = "<group>"; };
		B36970521CF9B3C600DC048A /* DDCalendarView.m */ = {isa = PBXFileReference; fileEncoding = 4; lastKnownFileType = sourcecode.c.objc; path = DDCalendarView.m; sourceTree = "<group>"; };
		B36970531CF9B3C600DC048A /* DDCalendarViewConstants.h */ = {isa = PBXFileReference; fileEncoding = 4; lastKnownFileType = sourcecode.c.h; path = DDCalendarViewConstants.h; sourceTree = "<group>"; };
		B36970541CF9B3C600DC048A /* DDCalendarDaysScrollView.h */ = {isa = PBXFileReference; fileEncoding = 4; lastKnownFileType = sourcecode.c.h; path = DDCalendarDaysScrollView.h; sourceTree = "<group>"; };
		B36970551CF9B3C600DC048A /* DDCalendarDaysScrollView.m */ = {isa = PBXFileReference; fileEncoding = 4; lastKnownFileType = sourcecode.c.objc; path = DDCalendarDaysScrollView.m; sourceTree = "<group>"; };
		B369705D1CF9B3C600DC048A /* NSDate+DDCalendar.h */ = {isa = PBXFileReference; fileEncoding = 4; lastKnownFileType = sourcecode.c.h; path = "NSDate+DDCalendar.h"; sourceTree = "<group>"; };
		B369705E1CF9B3C600DC048A /* NSDate+DDCalendar.m */ = {isa = PBXFileReference; fileEncoding = 4; lastKnownFileType = sourcecode.c.objc; path = "NSDate+DDCalendar.m"; sourceTree = "<group>"; };
		B36970601CF9B3C600DC048A /* OBDragDrop.h */ = {isa = PBXFileReference; fileEncoding = 4; lastKnownFileType = sourcecode.c.h; path = OBDragDrop.h; sourceTree = "<group>"; };
		B36970611CF9B3C600DC048A /* OBDragDropManager.h */ = {isa = PBXFileReference; fileEncoding = 4; lastKnownFileType = sourcecode.c.h; path = OBDragDropManager.h; sourceTree = "<group>"; };
		B36970621CF9B3C600DC048A /* OBDragDropManager.m */ = {isa = PBXFileReference; fileEncoding = 4; lastKnownFileType = sourcecode.c.objc; path = OBDragDropManager.m; sourceTree = "<group>"; };
		B36970631CF9B3C600DC048A /* OBDragDropProtocol.h */ = {isa = PBXFileReference; fileEncoding = 4; lastKnownFileType = sourcecode.c.h; path = OBDragDropProtocol.h; sourceTree = "<group>"; };
		B36970641CF9B3C600DC048A /* OBLongPressDragDropGestureRecognizer.h */ = {isa = PBXFileReference; fileEncoding = 4; lastKnownFileType = sourcecode.c.h; path = OBLongPressDragDropGestureRecognizer.h; sourceTree = "<group>"; };
		B36970651CF9B3C600DC048A /* OBLongPressDragDropGestureRecognizer.m */ = {isa = PBXFileReference; fileEncoding = 4; lastKnownFileType = sourcecode.c.objc; path = OBLongPressDragDropGestureRecognizer.m; sourceTree = "<group>"; };
		B36970661CF9B3C600DC048A /* UIGestureRecognizer+OBDragDrop.h */ = {isa = PBXFileReference; fileEncoding = 4; lastKnownFileType = sourcecode.c.h; path = "UIGestureRecognizer+OBDragDrop.h"; sourceTree = "<group>"; };
		B36970671CF9B3C600DC048A /* UIGestureRecognizer+OBDragDrop.m */ = {isa = PBXFileReference; fileEncoding = 4; lastKnownFileType = sourcecode.c.objc; path = "UIGestureRecognizer+OBDragDrop.m"; sourceTree = "<group>"; };
		B36970681CF9B3C600DC048A /* UIView+OBDropZone.h */ = {isa = PBXFileReference; fileEncoding = 4; lastKnownFileType = sourcecode.c.h; path = "UIView+OBDropZone.h"; sourceTree = "<group>"; };
		B36970691CF9B3C600DC048A /* UIView+OBDropZone.m */ = {isa = PBXFileReference; fileEncoding = 4; lastKnownFileType = sourcecode.c.objc; path = "UIView+OBDropZone.m"; sourceTree = "<group>"; };
		B38CE86C1BC9C86B005B2477 /* EventView.h */ = {isa = PBXFileReference; fileEncoding = 4; lastKnownFileType = sourcecode.c.h; path = EventView.h; sourceTree = "<group>"; };
		B38CE86D1BC9C86B005B2477 /* EventView.m */ = {isa = PBXFileReference; fileEncoding = 4; lastKnownFileType = sourcecode.c.objc; path = EventView.m; sourceTree = "<group>"; };
		B38D78251CFAEC25001A3943 /* DDCalendarHourLinesView.h */ = {isa = PBXFileReference; fileEncoding = 4; lastKnownFileType = sourcecode.c.h; path = DDCalendarHourLinesView.h; sourceTree = "<group>"; };
		B38D78261CFAEC25001A3943 /* DDCalendarHourLinesView.m */ = {isa = PBXFileReference; fileEncoding = 4; lastKnownFileType = sourcecode.c.objc; path = DDCalendarHourLinesView.m; sourceTree = "<group>"; };
		B38D78281CFAECAF001A3943 /* DDCalendarHourLinesView.h */ = {isa = PBXFileReference; fileEncoding = 4; lastKnownFileType = sourcecode.c.h; path = DDCalendarHourLinesView.h; sourceTree = "<group>"; };
		B38D78291CFAECAF001A3943 /* DDCalendarHourLinesView.m */ = {isa = PBXFileReference; fileEncoding = 4; lastKnownFileType = sourcecode.c.objc; path = DDCalendarHourLinesView.m; sourceTree = "<group>"; };
		B39C34961BCCDD3900E32804 /* EventKitDemo_swift.app */ = {isa = PBXFileReference; explicitFileType = wrapper.application; includeInIndex = 0; path = EventKitDemo_swift.app; sourceTree = BUILT_PRODUCTS_DIR; };
		B39C34981BCCDD3900E32804 /* AppDelegate.swift */ = {isa = PBXFileReference; lastKnownFileType = sourcecode.swift; path = AppDelegate.swift; sourceTree = "<group>"; };
		B39C349A1BCCDD3900E32804 /* ViewController.swift */ = {isa = PBXFileReference; lastKnownFileType = sourcecode.swift; path = ViewController.swift; sourceTree = "<group>"; };
		B39C349D1BCCDD3900E32804 /* Base */ = {isa = PBXFileReference; lastKnownFileType = file.storyboard; name = Base; path = Base.lproj/Main.storyboard; sourceTree = "<group>"; };
		B39C349F1BCCDD3900E32804 /* Assets.xcassets */ = {isa = PBXFileReference; lastKnownFileType = folder.assetcatalog; path = Assets.xcassets; sourceTree = "<group>"; };
		B39C34A21BCCDD3900E32804 /* Base */ = {isa = PBXFileReference; lastKnownFileType = file.storyboard; name = Base; path = Base.lproj/LaunchScreen.storyboard; sourceTree = "<group>"; };
		B39C34A41BCCDD3900E32804 /* Info.plist */ = {isa = PBXFileReference; lastKnownFileType = text.plist.xml; path = Info.plist; sourceTree = "<group>"; };
		B39C35261BCCDDDA00E32804 /* EventManager.swift */ = {isa = PBXFileReference; fileEncoding = 4; lastKnownFileType = sourcecode.swift; path = EventManager.swift; sourceTree = "<group>"; };
		B39C35281BCCDE0400E32804 /* EventView.swift */ = {isa = PBXFileReference; fileEncoding = 4; lastKnownFileType = sourcecode.swift; path = EventView.swift; sourceTree = "<group>"; };
		B39C352B1BCCDE3300E32804 /* DDCalendarEvent.h */ = {isa = PBXFileReference; fileEncoding = 4; lastKnownFileType = sourcecode.c.h; path = DDCalendarEvent.h; sourceTree = "<group>"; };
		B39C352C1BCCDE3300E32804 /* DDCalendarEvent.m */ = {isa = PBXFileReference; fileEncoding = 4; lastKnownFileType = sourcecode.c.objc; path = DDCalendarEvent.m; sourceTree = "<group>"; };
		B39C352D1BCCDE3300E32804 /* DDCalendarEventView.h */ = {isa = PBXFileReference; fileEncoding = 4; lastKnownFileType = sourcecode.c.h; path = DDCalendarEventView.h; sourceTree = "<group>"; };
		B39C352E1BCCDE3300E32804 /* DDCalendarEventView.m */ = {isa = PBXFileReference; fileEncoding = 4; lastKnownFileType = sourcecode.c.objc; path = DDCalendarEventView.m; sourceTree = "<group>"; };
		B39C352F1BCCDE3300E32804 /* DDCalendarSingleDayView.h */ = {isa = PBXFileReference; fileEncoding = 4; lastKnownFileType = sourcecode.c.h; path = DDCalendarSingleDayView.h; sourceTree = "<group>"; };
		B39C35301BCCDE3300E32804 /* DDCalendarSingleDayView.m */ = {isa = PBXFileReference; fileEncoding = 4; lastKnownFileType = sourcecode.c.objc; path = DDCalendarSingleDayView.m; sourceTree = "<group>"; };
		B39C35311BCCDE3300E32804 /* DDCalendarView.h */ = {isa = PBXFileReference; fileEncoding = 4; lastKnownFileType = sourcecode.c.h; path = DDCalendarView.h; sourceTree = "<group>"; };
		B39C35321BCCDE3300E32804 /* DDCalendarView.m */ = {isa = PBXFileReference; fileEncoding = 4; lastKnownFileType = sourcecode.c.objc; path = DDCalendarView.m; sourceTree = "<group>"; };
		B39C35331BCCDE3300E32804 /* DDCalendarViewConstants.h */ = {isa = PBXFileReference; fileEncoding = 4; lastKnownFileType = sourcecode.c.h; path = DDCalendarViewConstants.h; sourceTree = "<group>"; };
		B39C353B1BCCDE3300E32804 /* NSDate+DDCalendar.h */ = {isa = PBXFileReference; fileEncoding = 4; lastKnownFileType = sourcecode.c.h; path = "NSDate+DDCalendar.h"; sourceTree = "<group>"; };
		B39C353C1BCCDE3300E32804 /* NSDate+DDCalendar.m */ = {isa = PBXFileReference; fileEncoding = 4; lastKnownFileType = sourcecode.c.objc; path = "NSDate+DDCalendar.m"; sourceTree = "<group>"; };
		B39C353E1BCCDE3300E32804 /* OBDragDrop.h */ = {isa = PBXFileReference; fileEncoding = 4; lastKnownFileType = sourcecode.c.h; path = OBDragDrop.h; sourceTree = "<group>"; };
		B39C353F1BCCDE3300E32804 /* OBDragDropManager.h */ = {isa = PBXFileReference; fileEncoding = 4; lastKnownFileType = sourcecode.c.h; path = OBDragDropManager.h; sourceTree = "<group>"; };
		B39C35401BCCDE3300E32804 /* OBDragDropManager.m */ = {isa = PBXFileReference; fileEncoding = 4; lastKnownFileType = sourcecode.c.objc; path = OBDragDropManager.m; sourceTree = "<group>"; };
		B39C35411BCCDE3300E32804 /* OBDragDropProtocol.h */ = {isa = PBXFileReference; fileEncoding = 4; lastKnownFileType = sourcecode.c.h; path = OBDragDropProtocol.h; sourceTree = "<group>"; };
		B39C35421BCCDE3300E32804 /* OBLongPressDragDropGestureRecognizer.h */ = {isa = PBXFileReference; fileEncoding = 4; lastKnownFileType = sourcecode.c.h; path = OBLongPressDragDropGestureRecognizer.h; sourceTree = "<group>"; };
		B39C35431BCCDE3300E32804 /* OBLongPressDragDropGestureRecognizer.m */ = {isa = PBXFileReference; fileEncoding = 4; lastKnownFileType = sourcecode.c.objc; path = OBLongPressDragDropGestureRecognizer.m; sourceTree = "<group>"; };
		B39C35441BCCDE3300E32804 /* UIGestureRecognizer+OBDragDrop.h */ = {isa = PBXFileReference; fileEncoding = 4; lastKnownFileType = sourcecode.c.h; path = "UIGestureRecognizer+OBDragDrop.h"; sourceTree = "<group>"; };
		B39C35451BCCDE3300E32804 /* UIGestureRecognizer+OBDragDrop.m */ = {isa = PBXFileReference; fileEncoding = 4; lastKnownFileType = sourcecode.c.objc; path = "UIGestureRecognizer+OBDragDrop.m"; sourceTree = "<group>"; };
		B39C35461BCCDE3300E32804 /* UIView+OBDropZone.h */ = {isa = PBXFileReference; fileEncoding = 4; lastKnownFileType = sourcecode.c.h; path = "UIView+OBDropZone.h"; sourceTree = "<group>"; };
		B39C35471BCCDE3300E32804 /* UIView+OBDropZone.m */ = {isa = PBXFileReference; fileEncoding = 4; lastKnownFileType = sourcecode.c.objc; path = "UIView+OBDropZone.m"; sourceTree = "<group>"; };
		B3C15D151BC3BDFE00880A49 /* CalendarDemo_objc.app */ = {isa = PBXFileReference; explicitFileType = wrapper.application; includeInIndex = 0; path = CalendarDemo_objc.app; sourceTree = BUILT_PRODUCTS_DIR; };
		B3C15D191BC3BDFE00880A49 /* main.m */ = {isa = PBXFileReference; lastKnownFileType = sourcecode.c.objc; path = main.m; sourceTree = "<group>"; };
		B3C15D1B1BC3BDFE00880A49 /* AppDelegate.h */ = {isa = PBXFileReference; lastKnownFileType = sourcecode.c.h; path = AppDelegate.h; sourceTree = "<group>"; };
		B3C15D1C1BC3BDFE00880A49 /* AppDelegate.m */ = {isa = PBXFileReference; lastKnownFileType = sourcecode.c.objc; path = AppDelegate.m; sourceTree = "<group>"; };
		B3C15D1E1BC3BDFE00880A49 /* ViewController.h */ = {isa = PBXFileReference; lastKnownFileType = sourcecode.c.h; path = ViewController.h; sourceTree = "<group>"; };
		B3C15D1F1BC3BDFE00880A49 /* ViewController.m */ = {isa = PBXFileReference; lastKnownFileType = sourcecode.c.objc; path = ViewController.m; sourceTree = "<group>"; };
		B3C15D221BC3BDFE00880A49 /* Base */ = {isa = PBXFileReference; lastKnownFileType = file.storyboard; name = Base; path = Base.lproj/Main.storyboard; sourceTree = "<group>"; };
		B3C15D241BC3BDFE00880A49 /* Assets.xcassets */ = {isa = PBXFileReference; lastKnownFileType = folder.assetcatalog; path = Assets.xcassets; sourceTree = "<group>"; };
		B3C15D271BC3BDFE00880A49 /* Base */ = {isa = PBXFileReference; lastKnownFileType = file.storyboard; name = Base; path = Base.lproj/LaunchScreen.storyboard; sourceTree = "<group>"; };
		B3C15D291BC3BDFE00880A49 /* Info.plist */ = {isa = PBXFileReference; lastKnownFileType = text.plist.xml; path = Info.plist; sourceTree = "<group>"; };
		B3FB45781BCCE00D00B0E046 /* BridgingHeader.h */ = {isa = PBXFileReference; lastKnownFileType = sourcecode.c.h; path = BridgingHeader.h; sourceTree = "<group>"; };
/* End PBXFileReference section */

/* Begin PBXFrameworksBuildPhase section */
		B39C34931BCCDD3900E32804 /* Frameworks */ = {
			isa = PBXFrameworksBuildPhase;
			buildActionMask = 2147483647;
			files = (
			);
			runOnlyForDeploymentPostprocessing = 0;
		};
		B3C15D121BC3BDFE00880A49 /* Frameworks */ = {
			isa = PBXFrameworksBuildPhase;
			buildActionMask = 2147483647;
			files = (
			);
			runOnlyForDeploymentPostprocessing = 0;
		};
/* End PBXFrameworksBuildPhase section */

/* Begin PBXGroup section */
		B369704A1CF9B3C600DC048A /* DDCalendarView_objc */ = {
			isa = PBXGroup;
			children = (
				B369704B1CF9B3C600DC048A /* DDCalendarEvent.h */,
				B369704C1CF9B3C600DC048A /* DDCalendarEvent.m */,
				B369704D1CF9B3C600DC048A /* DDCalendarEventView.h */,
				B369704E1CF9B3C600DC048A /* DDCalendarEventView.m */,
				B31CB2931CFB3F3E0084E50C /* DDCalendarHeaderView.h */,
				B31CB2941CFB3F3E0084E50C /* DDCalendarHeaderView.m */,
				B38D78251CFAEC25001A3943 /* DDCalendarHourLinesView.h */,
				B38D78261CFAEC25001A3943 /* DDCalendarHourLinesView.m */,
				B369704F1CF9B3C600DC048A /* DDCalendarSingleDayView.h */,
				B36970501CF9B3C600DC048A /* DDCalendarSingleDayView.m */,
				B36970541CF9B3C600DC048A /* DDCalendarDaysScrollView.h */,
				B36970551CF9B3C600DC048A /* DDCalendarDaysScrollView.m */,
				B36970511CF9B3C600DC048A /* DDCalendarView.h */,
				B36970521CF9B3C600DC048A /* DDCalendarView.m */,
				B36970531CF9B3C600DC048A /* DDCalendarViewConstants.h */,
				B369705D1CF9B3C600DC048A /* NSDate+DDCalendar.h */,
				B369705E1CF9B3C600DC048A /* NSDate+DDCalendar.m */,
				B369705F1CF9B3C600DC048A /* OBDragDrop */,
			);
			name = DDCalendarView_objc;
			path = ../../DDCalendarView_objc;
			sourceTree = "<group>";
		};
		B369705F1CF9B3C600DC048A /* OBDragDrop */ = {
			isa = PBXGroup;
			children = (
				B36970601CF9B3C600DC048A /* OBDragDrop.h */,
				B36970611CF9B3C600DC048A /* OBDragDropManager.h */,
				B36970621CF9B3C600DC048A /* OBDragDropManager.m */,
				B36970631CF9B3C600DC048A /* OBDragDropProtocol.h */,
				B36970641CF9B3C600DC048A /* OBLongPressDragDropGestureRecognizer.h */,
				B36970651CF9B3C600DC048A /* OBLongPressDragDropGestureRecognizer.m */,
				B36970661CF9B3C600DC048A /* UIGestureRecognizer+OBDragDrop.h */,
				B36970671CF9B3C600DC048A /* UIGestureRecognizer+OBDragDrop.m */,
				B36970681CF9B3C600DC048A /* UIView+OBDropZone.h */,
				B36970691CF9B3C600DC048A /* UIView+OBDropZone.m */,
			);
			path = OBDragDrop;
			sourceTree = "<group>";
		};
		B39C34971BCCDD3900E32804 /* EventKitDemo_swift */ = {
			isa = PBXGroup;
			children = (
				B369704A1CF9B3C600DC048A /* DDCalendarView_objc */,
				B39C34981BCCDD3900E32804 /* AppDelegate.swift */,
				B39C349A1BCCDD3900E32804 /* ViewController.swift */,
				B39C35281BCCDE0400E32804 /* EventView.swift */,
				B39C35261BCCDDDA00E32804 /* EventManager.swift */,
				B39C349C1BCCDD3900E32804 /* Main.storyboard */,
				B39C349F1BCCDD3900E32804 /* Assets.xcassets */,
				B39C34A11BCCDD3900E32804 /* LaunchScreen.storyboard */,
				B3FB45781BCCE00D00B0E046 /* BridgingHeader.h */,
				B39C34A41BCCDD3900E32804 /* Info.plist */,
			);
			path = EventKitDemo_swift;
			sourceTree = "<group>";
		};
		B39C352A1BCCDE3300E32804 /* DDCalendarView_objc */ = {
			isa = PBXGroup;
			children = (
				B39C352B1BCCDE3300E32804 /* DDCalendarEvent.h */,
				B39C352C1BCCDE3300E32804 /* DDCalendarEvent.m */,
				B39C352D1BCCDE3300E32804 /* DDCalendarEventView.h */,
				B39C352E1BCCDE3300E32804 /* DDCalendarEventView.m */,
				B31CB2971CFB429F0084E50C /* DDCalendarHeaderView.h */,
				B31CB2981CFB429F0084E50C /* DDCalendarHeaderView.m */,
				B38D78281CFAECAF001A3943 /* DDCalendarHourLinesView.h */,
				B38D78291CFAECAF001A3943 /* DDCalendarHourLinesView.m */,
				B39C352F1BCCDE3300E32804 /* DDCalendarSingleDayView.h */,
				B39C35301BCCDE3300E32804 /* DDCalendarSingleDayView.m */,
				B3696FEE1CF996CE00DC048A /* DDCalendarDaysScrollView.h */,
				B3696FEF1CF996CE00DC048A /* DDCalendarDaysScrollView.m */,
				B39C35311BCCDE3300E32804 /* DDCalendarView.h */,
				B39C35321BCCDE3300E32804 /* DDCalendarView.m */,
				B39C35331BCCDE3300E32804 /* DDCalendarViewConstants.h */,
				B39C353B1BCCDE3300E32804 /* NSDate+DDCalendar.h */,
				B39C353C1BCCDE3300E32804 /* NSDate+DDCalendar.m */,
				B39C353D1BCCDE3300E32804 /* OBDragDrop */,
			);
			name = DDCalendarView_objc;
			path = ../../DDCalendarView_objc;
			sourceTree = "<group>";
		};
		B39C353D1BCCDE3300E32804 /* OBDragDrop */ = {
			isa = PBXGroup;
			children = (
				B39C353E1BCCDE3300E32804 /* OBDragDrop.h */,
				B39C353F1BCCDE3300E32804 /* OBDragDropManager.h */,
				B39C35401BCCDE3300E32804 /* OBDragDropManager.m */,
				B39C35411BCCDE3300E32804 /* OBDragDropProtocol.h */,
				B39C35421BCCDE3300E32804 /* OBLongPressDragDropGestureRecognizer.h */,
				B39C35431BCCDE3300E32804 /* OBLongPressDragDropGestureRecognizer.m */,
				B39C35441BCCDE3300E32804 /* UIGestureRecognizer+OBDragDrop.h */,
				B39C35451BCCDE3300E32804 /* UIGestureRecognizer+OBDragDrop.m */,
				B39C35461BCCDE3300E32804 /* UIView+OBDropZone.h */,
				B39C35471BCCDE3300E32804 /* UIView+OBDropZone.m */,
			);
			path = OBDragDrop;
			sourceTree = "<group>";
		};
		B3C15D0C1BC3BDFE00880A49 = {
			isa = PBXGroup;
			children = (
				B3C15D171BC3BDFE00880A49 /* CalendarDemo_objc */,
				B39C34971BCCDD3900E32804 /* EventKitDemo_swift */,
				B3C15D161BC3BDFE00880A49 /* Products */,
			);
			sourceTree = "<group>";
		};
		B3C15D161BC3BDFE00880A49 /* Products */ = {
			isa = PBXGroup;
			children = (
				B3C15D151BC3BDFE00880A49 /* CalendarDemo_objc.app */,
				B39C34961BCCDD3900E32804 /* EventKitDemo_swift.app */,
			);
			name = Products;
			sourceTree = "<group>";
		};
		B3C15D171BC3BDFE00880A49 /* CalendarDemo_objc */ = {
			isa = PBXGroup;
			children = (
				B39C352A1BCCDE3300E32804 /* DDCalendarView_objc */,
				B3C15D1B1BC3BDFE00880A49 /* AppDelegate.h */,
				B3C15D1C1BC3BDFE00880A49 /* AppDelegate.m */,
				B3C15D1E1BC3BDFE00880A49 /* ViewController.h */,
				B3C15D1F1BC3BDFE00880A49 /* ViewController.m */,
				B38CE86C1BC9C86B005B2477 /* EventView.h */,
				B38CE86D1BC9C86B005B2477 /* EventView.m */,
				B3C15D211BC3BDFE00880A49 /* Main.storyboard */,
				B3C15D241BC3BDFE00880A49 /* Assets.xcassets */,
				B3C15D261BC3BDFE00880A49 /* LaunchScreen.storyboard */,
				B3C15D291BC3BDFE00880A49 /* Info.plist */,
				B3C15D181BC3BDFE00880A49 /* Supporting Files */,
			);
			path = CalendarDemo_objc;
			sourceTree = "<group>";
		};
		B3C15D181BC3BDFE00880A49 /* Supporting Files */ = {
			isa = PBXGroup;
			children = (
				B3C15D191BC3BDFE00880A49 /* main.m */,
			);
			name = "Supporting Files";
			sourceTree = "<group>";
		};
/* End PBXGroup section */

/* Begin PBXNativeTarget section */
		B39C34951BCCDD3900E32804 /* EventKitDemo_swift */ = {
			isa = PBXNativeTarget;
			buildConfigurationList = B39C34A51BCCDD3900E32804 /* Build configuration list for PBXNativeTarget "EventKitDemo_swift" */;
			buildPhases = (
				B39C34921BCCDD3900E32804 /* Sources */,
				B39C34931BCCDD3900E32804 /* Frameworks */,
				B39C34941BCCDD3900E32804 /* Resources */,
			);
			buildRules = (
			);
			dependencies = (
			);
			name = EventKitDemo_swift;
			productName = EventKitDemo_swift;
			productReference = B39C34961BCCDD3900E32804 /* EventKitDemo_swift.app */;
			productType = "com.apple.product-type.application";
		};
		B3C15D141BC3BDFE00880A49 /* CalendarDemo_objc */ = {
			isa = PBXNativeTarget;
			buildConfigurationList = B3C15D2C1BC3BDFE00880A49 /* Build configuration list for PBXNativeTarget "CalendarDemo_objc" */;
			buildPhases = (
				B3C15D111BC3BDFE00880A49 /* Sources */,
				B3C15D121BC3BDFE00880A49 /* Frameworks */,
				B3C15D131BC3BDFE00880A49 /* Resources */,
			);
			buildRules = (
			);
			dependencies = (
			);
			name = CalendarDemo_objc;
			productName = CalendarDemo_objc;
			productReference = B3C15D151BC3BDFE00880A49 /* CalendarDemo_objc.app */;
			productType = "com.apple.product-type.application";
		};
/* End PBXNativeTarget section */

/* Begin PBXProject section */
		B3C15D0D1BC3BDFE00880A49 /* Project object */ = {
			isa = PBXProject;
			attributes = {
				LastUpgradeCheck = 0700;
				ORGANIZATIONNAME = "Dominik Pich";
				TargetAttributes = {
					B39C34951BCCDD3900E32804 = {
						CreatedOnToolsVersion = 7.0.1;
					};
					B3C15D141BC3BDFE00880A49 = {
						CreatedOnToolsVersion = 7.0.1;
					};
				};
			};
			buildConfigurationList = B3C15D101BC3BDFE00880A49 /* Build configuration list for PBXProject "Demos" */;
			compatibilityVersion = "Xcode 3.2";
			developmentRegion = English;
			hasScannedForEncodings = 0;
			knownRegions = (
				en,
				Base,
			);
			mainGroup = B3C15D0C1BC3BDFE00880A49;
			productRefGroup = B3C15D161BC3BDFE00880A49 /* Products */;
			projectDirPath = "";
			projectRoot = "";
			targets = (
				B3C15D141BC3BDFE00880A49 /* CalendarDemo_objc */,
				B39C34951BCCDD3900E32804 /* EventKitDemo_swift */,
			);
		};
/* End PBXProject section */

/* Begin PBXResourcesBuildPhase section */
		B39C34941BCCDD3900E32804 /* Resources */ = {
			isa = PBXResourcesBuildPhase;
			buildActionMask = 2147483647;
			files = (
				B39C34A31BCCDD3900E32804 /* LaunchScreen.storyboard in Resources */,
				B39C34A01BCCDD3900E32804 /* Assets.xcassets in Resources */,
				B39C349E1BCCDD3900E32804 /* Main.storyboard in Resources */,
			);
			runOnlyForDeploymentPostprocessing = 0;
		};
		B3C15D131BC3BDFE00880A49 /* Resources */ = {
			isa = PBXResourcesBuildPhase;
			buildActionMask = 2147483647;
			files = (
				B3C15D281BC3BDFE00880A49 /* LaunchScreen.storyboard in Resources */,
				B3C15D251BC3BDFE00880A49 /* Assets.xcassets in Resources */,
				B3C15D231BC3BDFE00880A49 /* Main.storyboard in Resources */,
			);
			runOnlyForDeploymentPostprocessing = 0;
		};
/* End PBXResourcesBuildPhase section */

/* Begin PBXSourcesBuildPhase section */
		B39C34921BCCDD3900E32804 /* Sources */ = {
			isa = PBXSourcesBuildPhase;
			buildActionMask = 2147483647;
			files = (
				B369706D1CF9B3C600DC048A /* DDCalendarView.m in Sources */,
				B369706E1CF9B3C600DC048A /* DDCalendarDaysScrollView.m in Sources */,
				B39C35271BCCDDDA00E32804 /* EventManager.swift in Sources */,
				B39C349B1BCCDD3900E32804 /* ViewController.swift in Sources */,
				B36970731CF9B3C600DC048A /* OBDragDropManager.m in Sources */,
				B36970721CF9B3C600DC048A /* NSDate+DDCalendar.m in Sources */,
				B36970741CF9B3C600DC048A /* OBLongPressDragDropGestureRecognizer.m in Sources */,
				B31CB2961CFB3F3E0084E50C /* DDCalendarHeaderView.m in Sources */,
				B39C34991BCCDD3900E32804 /* AppDelegate.swift in Sources */,
				B369706A1CF9B3C600DC048A /* DDCalendarEvent.m in Sources */,
				B38D78271CFAEC25001A3943 /* DDCalendarHourLinesView.m in Sources */,
				B36970761CF9B3C600DC048A /* UIView+OBDropZone.m in Sources */,
				B369706C1CF9B3C600DC048A /* DDCalendarSingleDayView.m in Sources */,
				B39C35291BCCDE0400E32804 /* EventView.swift in Sources */,
				B36970751CF9B3C600DC048A /* UIGestureRecognizer+OBDragDrop.m in Sources */,
				B369706B1CF9B3C600DC048A /* DDCalendarEventView.m in Sources */,
			);
			runOnlyForDeploymentPostprocessing = 0;
		};
		B3C15D111BC3BDFE00880A49 /* Sources */ = {
			isa = PBXSourcesBuildPhase;
			buildActionMask = 2147483647;
			files = (
				B38D782A1CFAECAF001A3943 /* DDCalendarHourLinesView.m in Sources */,
				B39C354B1BCCDE3300E32804 /* DDCalendarView.m in Sources */,
				B39C35501BCCDE3300E32804 /* OBDragDropManager.m in Sources */,
				B38CE86E1BC9C86B005B2477 /* EventView.m in Sources */,
				B39C35531BCCDE3300E32804 /* UIView+OBDropZone.m in Sources */,
				B3C15D201BC3BDFE00880A49 /* ViewController.m in Sources */,
				B39C35521BCCDE3300E32804 /* UIGestureRecognizer+OBDragDrop.m in Sources */,
				B31CB2991CFB429F0084E50C /* DDCalendarHeaderView.m in Sources */,
				B3C15D1D1BC3BDFE00880A49 /* AppDelegate.m in Sources */,
				B39C35511BCCDE3300E32804 /* OBLongPressDragDropGestureRecognizer.m in Sources */,
				B39C35481BCCDE3300E32804 /* DDCalendarEvent.m in Sources */,
				B39C354A1BCCDE3300E32804 /* DDCalendarSingleDayView.m in Sources */,
				B3C15D1A1BC3BDFE00880A49 /* main.m in Sources */,
				B3696FF01CF996CE00DC048A /* DDCalendarDaysScrollView.m in Sources */,
				B39C354F1BCCDE3300E32804 /* NSDate+DDCalendar.m in Sources */,
				B39C35491BCCDE3300E32804 /* DDCalendarEventView.m in Sources */,
			);
			runOnlyForDeploymentPostprocessing = 0;
		};
/* End PBXSourcesBuildPhase section */

/* Begin PBXVariantGroup section */
		B39C349C1BCCDD3900E32804 /* Main.storyboard */ = {
			isa = PBXVariantGroup;
			children = (
				B39C349D1BCCDD3900E32804 /* Base */,
			);
			name = Main.storyboard;
			sourceTree = "<group>";
		};
		B39C34A11BCCDD3900E32804 /* LaunchScreen.storyboard */ = {
			isa = PBXVariantGroup;
			children = (
				B39C34A21BCCDD3900E32804 /* Base */,
			);
			name = LaunchScreen.storyboard;
			sourceTree = "<group>";
		};
		B3C15D211BC3BDFE00880A49 /* Main.storyboard */ = {
			isa = PBXVariantGroup;
			children = (
				B3C15D221BC3BDFE00880A49 /* Base */,
			);
			name = Main.storyboard;
			sourceTree = "<group>";
		};
		B3C15D261BC3BDFE00880A49 /* LaunchScreen.storyboard */ = {
			isa = PBXVariantGroup;
			children = (
				B3C15D271BC3BDFE00880A49 /* Base */,
			);
			name = LaunchScreen.storyboard;
			sourceTree = "<group>";
		};
/* End PBXVariantGroup section */

/* Begin XCBuildConfiguration section */
		B39C34A61BCCDD3900E32804 /* Debug */ = {
			isa = XCBuildConfiguration;
			buildSettings = {
				ASSETCATALOG_COMPILER_APPICON_NAME = AppIcon;
				INFOPLIST_FILE = EventKitDemo_swift/Info.plist;
				LD_RUNPATH_SEARCH_PATHS = "$(inherited) @executable_path/Frameworks";
				PRODUCT_BUNDLE_IDENTIFIER = "info.pich.EventKitDemo-swift";
				PRODUCT_NAME = "$(TARGET_NAME)";
				SWIFT_OBJC_BRIDGING_HEADER = EventKitDemo_swift/BridgingHeader.h;
				SWIFT_OPTIMIZATION_LEVEL = "-Onone";
			};
			name = Debug;
		};
		B39C34A71BCCDD3900E32804 /* Release */ = {
			isa = XCBuildConfiguration;
			buildSettings = {
				ASSETCATALOG_COMPILER_APPICON_NAME = AppIcon;
				INFOPLIST_FILE = EventKitDemo_swift/Info.plist;
				LD_RUNPATH_SEARCH_PATHS = "$(inherited) @executable_path/Frameworks";
				PRODUCT_BUNDLE_IDENTIFIER = "info.pich.EventKitDemo-swift";
				PRODUCT_NAME = "$(TARGET_NAME)";
				SWIFT_OBJC_BRIDGING_HEADER = EventKitDemo_swift/BridgingHeader.h;
			};
			name = Release;
		};
		B3C15D2A1BC3BDFE00880A49 /* Debug */ = {
			isa = XCBuildConfiguration;
			buildSettings = {
				ALWAYS_SEARCH_USER_PATHS = NO;
				CLANG_CXX_LANGUAGE_STANDARD = "gnu++0x";
				CLANG_CXX_LIBRARY = "libc++";
				CLANG_ENABLE_MODULES = YES;
				CLANG_ENABLE_OBJC_ARC = YES;
				CLANG_WARN_BOOL_CONVERSION = YES;
				CLANG_WARN_CONSTANT_CONVERSION = YES;
				CLANG_WARN_DIRECT_OBJC_ISA_USAGE = YES_ERROR;
				CLANG_WARN_EMPTY_BODY = YES;
				CLANG_WARN_ENUM_CONVERSION = YES;
				CLANG_WARN_INT_CONVERSION = YES;
				CLANG_WARN_OBJC_ROOT_CLASS = YES_ERROR;
				CLANG_WARN_UNREACHABLE_CODE = YES;
				CLANG_WARN__DUPLICATE_METHOD_MATCH = YES;
				"CODE_SIGN_IDENTITY[sdk=iphoneos*]" = "iPhone Developer";
				COPY_PHASE_STRIP = NO;
				DEBUG_INFORMATION_FORMAT = dwarf;
				ENABLE_STRICT_OBJC_MSGSEND = YES;
				ENABLE_TESTABILITY = YES;
				GCC_C_LANGUAGE_STANDARD = gnu99;
				GCC_DYNAMIC_NO_PIC = NO;
				GCC_NO_COMMON_BLOCKS = YES;
				GCC_OPTIMIZATION_LEVEL = 0;
				GCC_PREPROCESSOR_DEFINITIONS = (
					"DEBUG=1",
					"$(inherited)",
				);
				GCC_WARN_64_TO_32_BIT_CONVERSION = YES;
				GCC_WARN_ABOUT_RETURN_TYPE = YES_ERROR;
				GCC_WARN_UNDECLARED_SELECTOR = YES;
				GCC_WARN_UNINITIALIZED_AUTOS = YES_AGGRESSIVE;
				GCC_WARN_UNUSED_FUNCTION = YES;
				GCC_WARN_UNUSED_VARIABLE = YES;
				IPHONEOS_DEPLOYMENT_TARGET = 9.0;
				MTL_ENABLE_DEBUG_INFO = YES;
				ONLY_ACTIVE_ARCH = YES;
				SDKROOT = iphoneos;
			};
			name = Debug;
		};
		B3C15D2B1BC3BDFE00880A49 /* Release */ = {
			isa = XCBuildConfiguration;
			buildSettings = {
				ALWAYS_SEARCH_USER_PATHS = NO;
				CLANG_CXX_LANGUAGE_STANDARD = "gnu++0x";
				CLANG_CXX_LIBRARY = "libc++";
				CLANG_ENABLE_MODULES = YES;
				CLANG_ENABLE_OBJC_ARC = YES;
				CLANG_WARN_BOOL_CONVERSION = YES;
				CLANG_WARN_CONSTANT_CONVERSION = YES;
				CLANG_WARN_DIRECT_OBJC_ISA_USAGE = YES_ERROR;
				CLANG_WARN_EMPTY_BODY = YES;
				CLANG_WARN_ENUM_CONVERSION = YES;
				CLANG_WARN_INT_CONVERSION = YES;
				CLANG_WARN_OBJC_ROOT_CLASS = YES_ERROR;
				CLANG_WARN_UNREACHABLE_CODE = YES;
				CLANG_WARN__DUPLICATE_METHOD_MATCH = YES;
				"CODE_SIGN_IDENTITY[sdk=iphoneos*]" = "iPhone Developer";
				COPY_PHASE_STRIP = NO;
				DEBUG_INFORMATION_FORMAT = "dwarf-with-dsym";
				ENABLE_NS_ASSERTIONS = NO;
				ENABLE_STRICT_OBJC_MSGSEND = YES;
				GCC_C_LANGUAGE_STANDARD = gnu99;
				GCC_NO_COMMON_BLOCKS = YES;
				GCC_WARN_64_TO_32_BIT_CONVERSION = YES;
				GCC_WARN_ABOUT_RETURN_TYPE = YES_ERROR;
				GCC_WARN_UNDECLARED_SELECTOR = YES;
				GCC_WARN_UNINITIALIZED_AUTOS = YES_AGGRESSIVE;
				GCC_WARN_UNUSED_FUNCTION = YES;
				GCC_WARN_UNUSED_VARIABLE = YES;
				IPHONEOS_DEPLOYMENT_TARGET = 9.0;
				MTL_ENABLE_DEBUG_INFO = NO;
				SDKROOT = iphoneos;
				VALIDATE_PRODUCT = YES;
			};
			name = Release;
		};
		B3C15D2D1BC3BDFE00880A49 /* Debug */ = {
			isa = XCBuildConfiguration;
			buildSettings = {
				ASSETCATALOG_COMPILER_APPICON_NAME = AppIcon;
				INFOPLIST_FILE = CalendarDemo_objc/Info.plist;
				LD_RUNPATH_SEARCH_PATHS = "$(inherited) @executable_path/Frameworks";
				PRODUCT_BUNDLE_IDENTIFIER = "info.pich.CalendarDemo-objc";
				PRODUCT_NAME = "$(TARGET_NAME)";
			};
			name = Debug;
		};
		B3C15D2E1BC3BDFE00880A49 /* Release */ = {
			isa = XCBuildConfiguration;
			buildSettings = {
				ASSETCATALOG_COMPILER_APPICON_NAME = AppIcon;
				INFOPLIST_FILE = CalendarDemo_objc/Info.plist;
				LD_RUNPATH_SEARCH_PATHS = "$(inherited) @executable_path/Frameworks";
				PRODUCT_BUNDLE_IDENTIFIER = "info.pich.CalendarDemo-objc";
				PRODUCT_NAME = "$(TARGET_NAME)";
			};
			name = Release;
		};
/* End XCBuildConfiguration section */

/* Begin XCConfigurationList section */
		B39C34A51BCCDD3900E32804 /* Build configuration list for PBXNativeTarget "EventKitDemo_swift" */ = {
			isa = XCConfigurationList;
			buildConfigurations = (
				B39C34A61BCCDD3900E32804 /* Debug */,
				B39C34A71BCCDD3900E32804 /* Release */,
			);
			defaultConfigurationIsVisible = 0;
			defaultConfigurationName = Release;
		};
		B3C15D101BC3BDFE00880A49 /* Build configuration list for PBXProject "Demos" */ = {
			isa = XCConfigurationList;
			buildConfigurations = (
				B3C15D2A1BC3BDFE00880A49 /* Debug */,
				B3C15D2B1BC3BDFE00880A49 /* Release */,
			);
			defaultConfigurationIsVisible = 0;
			defaultConfigurationName = Release;
		};
		B3C15D2C1BC3BDFE00880A49 /* Build configuration list for PBXNativeTarget "CalendarDemo_objc" */ = {
			isa = XCConfigurationList;
			buildConfigurations = (
				B3C15D2D1BC3BDFE00880A49 /* Debug */,
				B3C15D2E1BC3BDFE00880A49 /* Release */,
			);
			defaultConfigurationIsVisible = 0;
			defaultConfigurationName = Release;
		};
/* End XCConfigurationList section */
	};
	rootObject = B3C15D0D1BC3BDFE00880A49 /* Project object */;
}
